
Microsoft Visual Studio Solution File, Format Version 12.00
# Visual Studio Version 17
VisualStudioVersion = 17.1.32210.238
MinimumVisualStudioVersion = 10.0.40219.1
Project("{FAE04EC0-301F-11D3-BF4B-00C04F79EFBC}") = "WebApiTiempo", "WebApiTiempo\WebApiTiempo.csproj", "{2CB98082-1543-42C9-9A61-D9129FE9A7D6}"
EndProject
Project("{FAE04EC0-301F-11D3-BF4B-00C04F79EFBC}") = "WebApiAritmetica", "WebApiAritmetica\WebApiAritmetica.csproj", "{8DC29443-0059-4362-A850-BAED734A023E}"
EndProject
Global
	GlobalSection(SolutionConfigurationPlatforms) = preSolution
		Debug|Any CPU = Debug|Any CPU
		Release|Any CPU = Release|Any CPU
	EndGlobalSection
	GlobalSection(ProjectConfigurationPlatforms) = postSolution
		{2CB98082-1543-42C9-9A61-D9129FE9A7D6}.Debug|Any CPU.ActiveCfg = Debug|Any CPU
		{2CB98082-1543-42C9-9A61-D9129FE9A7D6}.Debug|Any CPU.Build.0 = Debug|Any CPU
		{2CB98082-1543-42C9-9A61-D9129FE9A7D6}.Release|Any CPU.ActiveCfg = Release|Any CPU
		{2CB98082-1543-42C9-9A61-D9129FE9A7D6}.Release|Any CPU.Build.0 = Release|Any CPU
		{8DC29443-0059-4362-A850-BAED734A023E}.Debug|Any CPU.ActiveCfg = Debug|Any CPU
		{8DC29443-0059-4362-A850-BAED734A023E}.Debug|Any CPU.Build.0 = Debug|Any CPU
		{8DC29443-0059-4362-A850-BAED734A023E}.Release|Any CPU.ActiveCfg = Release|Any CPU
		{8DC29443-0059-4362-A850-BAED734A023E}.Release|Any CPU.Build.0 = Release|Any CPU
	EndGlobalSection
	GlobalSection(SolutionProperties) = preSolution
		HideSolutionNode = FALSE
	EndGlobalSection
	GlobalSection(ExtensibilityGlobals) = postSolution
		SolutionGuid = {69A965BB-FBD1-4DD9-8BCC-BD438DC6BC2C}
	EndGlobalSection
EndGlobal
